// !$*UTF8*$!
{
	archiveVersion = 1;
	classes = {
	};
	objectVersion = 56;
	objects = {

/* Begin PBXBuildFile section */
		BF07F3632C3EEFE400652CCD /* AppDelegate.swift in Sources */ = {isa = PBXBuildFile; fileRef = BF07F3622C3EEFE400652CCD /* AppDelegate.swift */; };
		BF07F3652C3EEFE400652CCD /* SceneDelegate.swift in Sources */ = {isa = PBXBuildFile; fileRef = BF07F3642C3EEFE400652CCD /* SceneDelegate.swift */; };
		BF07F3672C3EEFE400652CCD /* MainViewController.swift in Sources */ = {isa = PBXBuildFile; fileRef = BF07F3662C3EEFE400652CCD /* MainViewController.swift */; };
		BF07F36C2C3EEFE500652CCD /* Assets.xcassets in Resources */ = {isa = PBXBuildFile; fileRef = BF07F36B2C3EEFE500652CCD /* Assets.xcassets */; };
		BF07F36F2C3EEFE500652CCD /* LaunchScreen.storyboard in Resources */ = {isa = PBXBuildFile; fileRef = BF07F36D2C3EEFE500652CCD /* LaunchScreen.storyboard */; };
		BF7E3D5C2C4CF31E00409C16 /* AnimationsController.swift in Sources */ = {isa = PBXBuildFile; fileRef = BF7E3D5B2C4CF31E00409C16 /* AnimationsController.swift */; };
		BF7E3D5F2C4CFACF00409C16 /* ContinueButtonInfoView.swift in Sources */ = {isa = PBXBuildFile; fileRef = BF7E3D5E2C4CFACF00409C16 /* ContinueButtonInfoView.swift */; };
		BF8BC6322C3EFB3F00EC525C /* HapticFeedbackViewController.swift in Sources */ = {isa = PBXBuildFile; fileRef = BF8BC6312C3EFB3F00EC525C /* HapticFeedbackViewController.swift */; };
		BF8BC6342C3EFBAE00EC525C /* MainCellTypes.swift in Sources */ = {isa = PBXBuildFile; fileRef = BF8BC6332C3EFBAE00EC525C /* MainCellTypes.swift */; };
		BF8BC6372C3EFC5000EC525C /* MainCell.swift in Sources */ = {isa = PBXBuildFile; fileRef = BF8BC6362C3EFC5000EC525C /* MainCell.swift */; };
		BFC94BCE2C418CD10055CFD4 /* UIColor+Extension.swift in Sources */ = {isa = PBXBuildFile; fileRef = BFC94BCD2C418CD10055CFD4 /* UIColor+Extension.swift */; };
		BFC94BD12C4194AE0055CFD4 /* HapticButtons.swift in Sources */ = {isa = PBXBuildFile; fileRef = BFC94BD02C4194AE0055CFD4 /* HapticButtons.swift */; };
		BFC94BD32C4196760055CFD4 /* HapticButton.swift in Sources */ = {isa = PBXBuildFile; fileRef = BFC94BD22C4196760055CFD4 /* HapticButton.swift */; };
		BFC94BD62C41A1EE0055CFD4 /* UINavigationController+Extension.swift in Sources */ = {isa = PBXBuildFile; fileRef = BFC94BD52C41A1EE0055CFD4 /* UINavigationController+Extension.swift */; };
		BFC94BD92C425ADD0055CFD4 /* TransitionsController.swift in Sources */ = {isa = PBXBuildFile; fileRef = BFC94BD82C425ADD0055CFD4 /* TransitionsController.swift */; };
		BFC94BDC2C425BCB0055CFD4 /* BottomPanelTransition.swift in Sources */ = {isa = PBXBuildFile; fileRef = BFC94BDB2C425BCA0055CFD4 /* BottomPanelTransition.swift */; };
		BFC94BDE2C425BE60055CFD4 /* PresentationController.swift in Sources */ = {isa = PBXBuildFile; fileRef = BFC94BDD2C425BE60055CFD4 /* PresentationController.swift */; };
		BFC94BE02C425E4A0055CFD4 /* BottomTransitionViewController.swift in Sources */ = {isa = PBXBuildFile; fileRef = BFC94BDF2C425E4A0055CFD4 /* BottomTransitionViewController.swift */; };
		BFC94BE22C4260150055CFD4 /* DimmPresentationController.swift in Sources */ = {isa = PBXBuildFile; fileRef = BFC94BE12C4260150055CFD4 /* DimmPresentationController.swift */; };
		BFC94BE42C4260910055CFD4 /* BottomPresentAnimation.swift in Sources */ = {isa = PBXBuildFile; fileRef = BFC94BE32C4260910055CFD4 /* BottomPresentAnimation.swift */; };
		BFC94BE82C4269230055CFD4 /* BottomDismissAnimation.swift in Sources */ = {isa = PBXBuildFile; fileRef = BFC94BE72C4269230055CFD4 /* BottomDismissAnimation.swift */; };
		BFC94BEB2C426E1D0055CFD4 /* BottomTransitionDriver.swift in Sources */ = {isa = PBXBuildFile; fileRef = BFC94BEA2C426E1D0055CFD4 /* BottomTransitionDriver.swift */; };
		BFC94BED2C42738B0055CFD4 /* CGPoint+Extension.swift in Sources */ = {isa = PBXBuildFile; fileRef = BFC94BEC2C42738B0055CFD4 /* CGPoint+Extension.swift */; };
		BFC94BEF2C4273A80055CFD4 /* CGFloat+Extension.swift in Sources */ = {isa = PBXBuildFile; fileRef = BFC94BEE2C4273A80055CFD4 /* CGFloat+Extension.swift */; };
		BFC94BF22C4273FB0055CFD4 /* BottomTransitionDirection.swift in Sources */ = {isa = PBXBuildFile; fileRef = BFC94BF12C4273FB0055CFD4 /* BottomTransitionDirection.swift */; };
		E4F2ED38BAA755CC7EB1C539 /* Pods_TechnologiesProj.framework in Frameworks */ = {isa = PBXBuildFile; fileRef = 668B8BAE704CFA4AF91BB51F /* Pods_TechnologiesProj.framework */; };
/* End PBXBuildFile section */

/* Begin PBXFileReference section */
		668B8BAE704CFA4AF91BB51F /* Pods_TechnologiesProj.framework */ = {isa = PBXFileReference; explicitFileType = wrapper.framework; includeInIndex = 0; path = Pods_TechnologiesProj.framework; sourceTree = BUILT_PRODUCTS_DIR; };
		8E0EDB8E5156E681CB678BD3 /* Pods-TechnologiesProj.debug.xcconfig */ = {isa = PBXFileReference; includeInIndex = 1; lastKnownFileType = text.xcconfig; name = "Pods-TechnologiesProj.debug.xcconfig"; path = "Target Support Files/Pods-TechnologiesProj/Pods-TechnologiesProj.debug.xcconfig"; sourceTree = "<group>"; };
		BF07F35F2C3EEFE400652CCD /* TechnologiesProj.app */ = {isa = PBXFileReference; explicitFileType = wrapper.application; includeInIndex = 0; path = TechnologiesProj.app; sourceTree = BUILT_PRODUCTS_DIR; };
		BF07F3622C3EEFE400652CCD /* AppDelegate.swift */ = {isa = PBXFileReference; lastKnownFileType = sourcecode.swift; path = AppDelegate.swift; sourceTree = "<group>"; };
		BF07F3642C3EEFE400652CCD /* SceneDelegate.swift */ = {isa = PBXFileReference; lastKnownFileType = sourcecode.swift; path = SceneDelegate.swift; sourceTree = "<group>"; };
		BF07F3662C3EEFE400652CCD /* MainViewController.swift */ = {isa = PBXFileReference; lastKnownFileType = sourcecode.swift; path = MainViewController.swift; sourceTree = "<group>"; };
		BF07F36B2C3EEFE500652CCD /* Assets.xcassets */ = {isa = PBXFileReference; lastKnownFileType = folder.assetcatalog; path = Assets.xcassets; sourceTree = "<group>"; };
		BF07F36E2C3EEFE500652CCD /* Base */ = {isa = PBXFileReference; lastKnownFileType = file.storyboard; name = Base; path = Base.lproj/LaunchScreen.storyboard; sourceTree = "<group>"; };
		BF07F3702C3EEFE500652CCD /* Info.plist */ = {isa = PBXFileReference; lastKnownFileType = text.plist.xml; path = Info.plist; sourceTree = "<group>"; };
		BF7E3D5B2C4CF31E00409C16 /* AnimationsController.swift */ = {isa = PBXFileReference; lastKnownFileType = sourcecode.swift; path = AnimationsController.swift; sourceTree = "<group>"; };
		BF7E3D5E2C4CFACF00409C16 /* ContinueButtonInfoView.swift */ = {isa = PBXFileReference; lastKnownFileType = sourcecode.swift; path = ContinueButtonInfoView.swift; sourceTree = "<group>"; };
		BF8BC6312C3EFB3F00EC525C /* HapticFeedbackViewController.swift */ = {isa = PBXFileReference; lastKnownFileType = sourcecode.swift; path = HapticFeedbackViewController.swift; sourceTree = "<group>"; };
		BF8BC6332C3EFBAE00EC525C /* MainCellTypes.swift */ = {isa = PBXFileReference; lastKnownFileType = sourcecode.swift; path = MainCellTypes.swift; sourceTree = "<group>"; };
		BF8BC6362C3EFC5000EC525C /* MainCell.swift */ = {isa = PBXFileReference; lastKnownFileType = sourcecode.swift; path = MainCell.swift; sourceTree = "<group>"; };
		BFC94BCD2C418CD10055CFD4 /* UIColor+Extension.swift */ = {isa = PBXFileReference; lastKnownFileType = sourcecode.swift; path = "UIColor+Extension.swift"; sourceTree = "<group>"; };
		BFC94BD02C4194AE0055CFD4 /* HapticButtons.swift */ = {isa = PBXFileReference; lastKnownFileType = sourcecode.swift; path = HapticButtons.swift; sourceTree = "<group>"; };
		BFC94BD22C4196760055CFD4 /* HapticButton.swift */ = {isa = PBXFileReference; lastKnownFileType = sourcecode.swift; path = HapticButton.swift; sourceTree = "<group>"; };
		BFC94BD52C41A1EE0055CFD4 /* UINavigationController+Extension.swift */ = {isa = PBXFileReference; lastKnownFileType = sourcecode.swift; path = "UINavigationController+Extension.swift"; sourceTree = "<group>"; };
		BFC94BD82C425ADD0055CFD4 /* TransitionsController.swift */ = {isa = PBXFileReference; lastKnownFileType = sourcecode.swift; path = TransitionsController.swift; sourceTree = "<group>"; };
		BFC94BDB2C425BCA0055CFD4 /* BottomPanelTransition.swift */ = {isa = PBXFileReference; lastKnownFileType = sourcecode.swift; path = BottomPanelTransition.swift; sourceTree = "<group>"; };
		BFC94BDD2C425BE60055CFD4 /* PresentationController.swift */ = {isa = PBXFileReference; lastKnownFileType = sourcecode.swift; path = PresentationController.swift; sourceTree = "<group>"; };
		BFC94BDF2C425E4A0055CFD4 /* BottomTransitionViewController.swift */ = {isa = PBXFileReference; lastKnownFileType = sourcecode.swift; path = BottomTransitionViewController.swift; sourceTree = "<group>"; };
		BFC94BE12C4260150055CFD4 /* DimmPresentationController.swift */ = {isa = PBXFileReference; lastKnownFileType = sourcecode.swift; path = DimmPresentationController.swift; sourceTree = "<group>"; };
		BFC94BE32C4260910055CFD4 /* BottomPresentAnimation.swift */ = {isa = PBXFileReference; lastKnownFileType = sourcecode.swift; path = BottomPresentAnimation.swift; sourceTree = "<group>"; };
		BFC94BE72C4269230055CFD4 /* BottomDismissAnimation.swift */ = {isa = PBXFileReference; lastKnownFileType = sourcecode.swift; path = BottomDismissAnimation.swift; sourceTree = "<group>"; };
		BFC94BEA2C426E1D0055CFD4 /* BottomTransitionDriver.swift */ = {isa = PBXFileReference; lastKnownFileType = sourcecode.swift; path = BottomTransitionDriver.swift; sourceTree = "<group>"; };
		BFC94BEC2C42738B0055CFD4 /* CGPoint+Extension.swift */ = {isa = PBXFileReference; lastKnownFileType = sourcecode.swift; path = "CGPoint+Extension.swift"; sourceTree = "<group>"; };
		BFC94BEE2C4273A80055CFD4 /* CGFloat+Extension.swift */ = {isa = PBXFileReference; lastKnownFileType = sourcecode.swift; path = "CGFloat+Extension.swift"; sourceTree = "<group>"; };
		BFC94BF12C4273FB0055CFD4 /* BottomTransitionDirection.swift */ = {isa = PBXFileReference; lastKnownFileType = sourcecode.swift; path = BottomTransitionDirection.swift; sourceTree = "<group>"; };
		D9BDECA1D215045D716B95E5 /* Pods-TechnologiesProj.release.xcconfig */ = {isa = PBXFileReference; includeInIndex = 1; lastKnownFileType = text.xcconfig; name = "Pods-TechnologiesProj.release.xcconfig"; path = "Target Support Files/Pods-TechnologiesProj/Pods-TechnologiesProj.release.xcconfig"; sourceTree = "<group>"; };
/* End PBXFileReference section */

/* Begin PBXFrameworksBuildPhase section */
		BF07F35C2C3EEFE400652CCD /* Frameworks */ = {
			isa = PBXFrameworksBuildPhase;
			buildActionMask = 2147483647;
			files = (
				E4F2ED38BAA755CC7EB1C539 /* Pods_TechnologiesProj.framework in Frameworks */,
			);
			runOnlyForDeploymentPostprocessing = 0;
		};
/* End PBXFrameworksBuildPhase section */

/* Begin PBXGroup section */
		839C673CDEFDC32A5A782AAA /* Pods */ = {
			isa = PBXGroup;
			children = (
				8E0EDB8E5156E681CB678BD3 /* Pods-TechnologiesProj.debug.xcconfig */,
				D9BDECA1D215045D716B95E5 /* Pods-TechnologiesProj.release.xcconfig */,
			);
			path = Pods;
			sourceTree = "<group>";
		};
		BF07F3562C3EEFE400652CCD = {
			isa = PBXGroup;
			children = (
				BF07F3612C3EEFE400652CCD /* TechnologiesProj */,
				BF07F3602C3EEFE400652CCD /* Products */,
				839C673CDEFDC32A5A782AAA /* Pods */,
				E9DB65F0C1E7F044B53E4D2D /* Frameworks */,
			);
			sourceTree = "<group>";
		};
		BF07F3602C3EEFE400652CCD /* Products */ = {
			isa = PBXGroup;
			children = (
				BF07F35F2C3EEFE400652CCD /* TechnologiesProj.app */,
			);
			name = Products;
			sourceTree = "<group>";
		};
		BF07F3612C3EEFE400652CCD /* TechnologiesProj */ = {
			isa = PBXGroup;
			children = (
				BF8BC62D2C3EFADC00EC525C /* Application */,
				BF8BC62C2C3EFAD500EC525C /* MainViewController */,
				BF8BC6302C3EFB2500EC525C /* HapticFeedbackViewController */,
				BFC94BD72C425ABE0055CFD4 /* TransitionsController */,
				BF7E3D5A2C4CF30D00409C16 /* AnimationsController */,
				BFC94BCC2C418CC20055CFD4 /* Extensions */,
				BF8BC62E2C3EFAE900EC525C /* Resources */,
				BF07F3702C3EEFE500652CCD /* Info.plist */,
			);
			path = TechnologiesProj;
			sourceTree = "<group>";
		};
		BF7E3D5A2C4CF30D00409C16 /* AnimationsController */ = {
			isa = PBXGroup;
			children = (
				BF7E3D5D2C4CFABA00409C16 /* Views */,
				BF7E3D5B2C4CF31E00409C16 /* AnimationsController.swift */,
			);
			path = AnimationsController;
			sourceTree = "<group>";
		};
		BF7E3D5D2C4CFABA00409C16 /* Views */ = {
			isa = PBXGroup;
			children = (
				BF7E3D5E2C4CFACF00409C16 /* ContinueButtonInfoView.swift */,
			);
			path = Views;
			sourceTree = "<group>";
		};
		BF8BC62C2C3EFAD500EC525C /* MainViewController */ = {
			isa = PBXGroup;
			children = (
				BF8BC6352C3EFBB100EC525C /* Models */,
				BF8BC62F2C3EFB1E00EC525C /* Cells */,
				BF07F3662C3EEFE400652CCD /* MainViewController.swift */,
			);
			path = MainViewController;
			sourceTree = "<group>";
		};
		BF8BC62D2C3EFADC00EC525C /* Application */ = {
			isa = PBXGroup;
			children = (
				BF07F3622C3EEFE400652CCD /* AppDelegate.swift */,
				BF07F3642C3EEFE400652CCD /* SceneDelegate.swift */,
			);
			path = Application;
			sourceTree = "<group>";
		};
		BF8BC62E2C3EFAE900EC525C /* Resources */ = {
			isa = PBXGroup;
			children = (
				BF07F36B2C3EEFE500652CCD /* Assets.xcassets */,
				BF07F36D2C3EEFE500652CCD /* LaunchScreen.storyboard */,
			);
			path = Resources;
			sourceTree = "<group>";
		};
		BF8BC62F2C3EFB1E00EC525C /* Cells */ = {
			isa = PBXGroup;
			children = (
				BF8BC6362C3EFC5000EC525C /* MainCell.swift */,
			);
			path = Cells;
			sourceTree = "<group>";
		};
		BF8BC6302C3EFB2500EC525C /* HapticFeedbackViewController */ = {
			isa = PBXGroup;
			children = (
				BFC94BD42C41967B0055CFD4 /* Views */,
				BFC94BCF2C4194A00055CFD4 /* Models */,
				BF8BC6312C3EFB3F00EC525C /* HapticFeedbackViewController.swift */,
			);
			path = HapticFeedbackViewController;
			sourceTree = "<group>";
		};
		BF8BC6352C3EFBB100EC525C /* Models */ = {
			isa = PBXGroup;
			children = (
				BF8BC6332C3EFBAE00EC525C /* MainCellTypes.swift */,
			);
			path = Models;
			sourceTree = "<group>";
		};
		BFC94BCC2C418CC20055CFD4 /* Extensions */ = {
			isa = PBXGroup;
			children = (
				BFC94BCD2C418CD10055CFD4 /* UIColor+Extension.swift */,
				BFC94BD52C41A1EE0055CFD4 /* UINavigationController+Extension.swift */,
				BFC94BEC2C42738B0055CFD4 /* CGPoint+Extension.swift */,
				BFC94BEE2C4273A80055CFD4 /* CGFloat+Extension.swift */,
			);
			path = Extensions;
			sourceTree = "<group>";
		};
		BFC94BCF2C4194A00055CFD4 /* Models */ = {
			isa = PBXGroup;
			children = (
				BFC94BD02C4194AE0055CFD4 /* HapticButtons.swift */,
			);
			path = Models;
			sourceTree = "<group>";
		};
		BFC94BD42C41967B0055CFD4 /* Views */ = {
			isa = PBXGroup;
			children = (
				BFC94BD22C4196760055CFD4 /* HapticButton.swift */,
			);
			path = Views;
			sourceTree = "<group>";
		};
		BFC94BD72C425ABE0055CFD4 /* TransitionsController */ = {
			isa = PBXGroup;
			children = (
				BFC94BDA2C425AE70055CFD4 /* Transitions */,
				BFC94BD82C425ADD0055CFD4 /* TransitionsController.swift */,
			);
			path = TransitionsController;
			sourceTree = "<group>";
		};
		BFC94BDA2C425AE70055CFD4 /* Transitions */ = {
			isa = PBXGroup;
			children = (
				BFC94BE52C4268D40055CFD4 /* BottomTransition */,
			);
			path = Transitions;
			sourceTree = "<group>";
		};
		BFC94BE52C4268D40055CFD4 /* BottomTransition */ = {
			isa = PBXGroup;
			children = (
				BFC94BF02C4273C60055CFD4 /* BottomTransitionDriver */,
				BFC94BE62C4268FB0055CFD4 /* Animations */,
				BFC94BE92C426CDE0055CFD4 /* PresentationControllers */,
				BFC94BDB2C425BCA0055CFD4 /* BottomPanelTransition.swift */,
				BFC94BDF2C425E4A0055CFD4 /* BottomTransitionViewController.swift */,
			);
			path = BottomTransition;
			sourceTree = "<group>";
		};
		BFC94BE62C4268FB0055CFD4 /* Animations */ = {
			isa = PBXGroup;
			children = (
				BFC94BE32C4260910055CFD4 /* BottomPresentAnimation.swift */,
				BFC94BE72C4269230055CFD4 /* BottomDismissAnimation.swift */,
			);
			path = Animations;
			sourceTree = "<group>";
		};
		BFC94BE92C426CDE0055CFD4 /* PresentationControllers */ = {
			isa = PBXGroup;
			children = (
				BFC94BE12C4260150055CFD4 /* DimmPresentationController.swift */,
				BFC94BDD2C425BE60055CFD4 /* PresentationController.swift */,
			);
			path = PresentationControllers;
			sourceTree = "<group>";
		};
		BFC94BF02C4273C60055CFD4 /* BottomTransitionDriver */ = {
			isa = PBXGroup;
			children = (
				BFC94BEA2C426E1D0055CFD4 /* BottomTransitionDriver.swift */,
				BFC94BF12C4273FB0055CFD4 /* BottomTransitionDirection.swift */,
			);
			path = BottomTransitionDriver;
			sourceTree = "<group>";
		};
		E9DB65F0C1E7F044B53E4D2D /* Frameworks */ = {
			isa = PBXGroup;
			children = (
				668B8BAE704CFA4AF91BB51F /* Pods_TechnologiesProj.framework */,
			);
			name = Frameworks;
			sourceTree = "<group>";
		};
/* End PBXGroup section */

/* Begin PBXNativeTarget section */
		BF07F35E2C3EEFE400652CCD /* TechnologiesProj */ = {
			isa = PBXNativeTarget;
			buildConfigurationList = BF07F3732C3EEFE500652CCD /* Build configuration list for PBXNativeTarget "TechnologiesProj" */;
			buildPhases = (
				33F1EEAF2462C86D518E8D3D /* [CP] Check Pods Manifest.lock */,
				BF07F35B2C3EEFE400652CCD /* Sources */,
				BF07F35C2C3EEFE400652CCD /* Frameworks */,
				BF07F35D2C3EEFE400652CCD /* Resources */,
				A6AE31A004166B5BB3AE452E /* [CP] Embed Pods Frameworks */,
			);
			buildRules = (
			);
			dependencies = (
			);
			name = TechnologiesProj;
			productName = TechnologiesProj;
			productReference = BF07F35F2C3EEFE400652CCD /* TechnologiesProj.app */;
			productType = "com.apple.product-type.application";
		};
/* End PBXNativeTarget section */

/* Begin PBXProject section */
		BF07F3572C3EEFE400652CCD /* Project object */ = {
			isa = PBXProject;
			attributes = {
				BuildIndependentTargetsInParallel = 1;
				LastSwiftUpdateCheck = 1520;
				LastUpgradeCheck = 1520;
				TargetAttributes = {
					BF07F35E2C3EEFE400652CCD = {
						CreatedOnToolsVersion = 15.2;
					};
				};
			};
			buildConfigurationList = BF07F35A2C3EEFE400652CCD /* Build configuration list for PBXProject "TechnologiesProj" */;
			compatibilityVersion = "Xcode 14.0";
			developmentRegion = en;
			hasScannedForEncodings = 0;
			knownRegions = (
				en,
				Base,
			);
			mainGroup = BF07F3562C3EEFE400652CCD;
			productRefGroup = BF07F3602C3EEFE400652CCD /* Products */;
			projectDirPath = "";
			projectRoot = "";
			targets = (
				BF07F35E2C3EEFE400652CCD /* TechnologiesProj */,
			);
		};
/* End PBXProject section */

/* Begin PBXResourcesBuildPhase section */
		BF07F35D2C3EEFE400652CCD /* Resources */ = {
			isa = PBXResourcesBuildPhase;
			buildActionMask = 2147483647;
			files = (
				BF07F36F2C3EEFE500652CCD /* LaunchScreen.storyboard in Resources */,
				BF07F36C2C3EEFE500652CCD /* Assets.xcassets in Resources */,
			);
			runOnlyForDeploymentPostprocessing = 0;
		};
/* End PBXResourcesBuildPhase section */

/* Begin PBXShellScriptBuildPhase section */
		33F1EEAF2462C86D518E8D3D /* [CP] Check Pods Manifest.lock */ = {
			isa = PBXShellScriptBuildPhase;
			buildActionMask = 2147483647;
			files = (
			);
			inputFileListPaths = (
			);
			inputPaths = (
				"${PODS_PODFILE_DIR_PATH}/Podfile.lock",
				"${PODS_ROOT}/Manifest.lock",
			);
			name = "[CP] Check Pods Manifest.lock";
			outputFileListPaths = (
			);
			outputPaths = (
				"$(DERIVED_FILE_DIR)/Pods-TechnologiesProj-checkManifestLockResult.txt",
			);
			runOnlyForDeploymentPostprocessing = 0;
			shellPath = /bin/sh;
			shellScript = "diff \"${PODS_PODFILE_DIR_PATH}/Podfile.lock\" \"${PODS_ROOT}/Manifest.lock\" > /dev/null\nif [ $? != 0 ] ; then\n    # print error to STDERR\n    echo \"error: The sandbox is not in sync with the Podfile.lock. Run 'pod install' or update your CocoaPods installation.\" >&2\n    exit 1\nfi\n# This output is used by Xcode 'outputs' to avoid re-running this script phase.\necho \"SUCCESS\" > \"${SCRIPT_OUTPUT_FILE_0}\"\n";
			showEnvVarsInLog = 0;
		};
		A6AE31A004166B5BB3AE452E /* [CP] Embed Pods Frameworks */ = {
			isa = PBXShellScriptBuildPhase;
			buildActionMask = 2147483647;
			files = (
			);
			inputFileListPaths = (
				"${PODS_ROOT}/Target Support Files/Pods-TechnologiesProj/Pods-TechnologiesProj-frameworks-${CONFIGURATION}-input-files.xcfilelist",
			);
			name = "[CP] Embed Pods Frameworks";
			outputFileListPaths = (
				"${PODS_ROOT}/Target Support Files/Pods-TechnologiesProj/Pods-TechnologiesProj-frameworks-${CONFIGURATION}-output-files.xcfilelist",
			);
			runOnlyForDeploymentPostprocessing = 0;
			shellPath = /bin/sh;
			shellScript = "\"${PODS_ROOT}/Target Support Files/Pods-TechnologiesProj/Pods-TechnologiesProj-frameworks.sh\"\n";
			showEnvVarsInLog = 0;
		};
/* End PBXShellScriptBuildPhase section */

/* Begin PBXSourcesBuildPhase section */
		BF07F35B2C3EEFE400652CCD /* Sources */ = {
			isa = PBXSourcesBuildPhase;
			buildActionMask = 2147483647;
			files = (
				BFC94BEB2C426E1D0055CFD4 /* BottomTransitionDriver.swift in Sources */,
				BFC94BCE2C418CD10055CFD4 /* UIColor+Extension.swift in Sources */,
				BF7E3D5F2C4CFACF00409C16 /* ContinueButtonInfoView.swift in Sources */,
				BFC94BED2C42738B0055CFD4 /* CGPoint+Extension.swift in Sources */,
				BF07F3672C3EEFE400652CCD /* MainViewController.swift in Sources */,
				BFC94BE42C4260910055CFD4 /* BottomPresentAnimation.swift in Sources */,
				BF07F3632C3EEFE400652CCD /* AppDelegate.swift in Sources */,
				BF8BC6372C3EFC5000EC525C /* MainCell.swift in Sources */,
				BFC94BE82C4269230055CFD4 /* BottomDismissAnimation.swift in Sources */,
				BFC94BD92C425ADD0055CFD4 /* TransitionsController.swift in Sources */,
				BFC94BE02C425E4A0055CFD4 /* BottomTransitionViewController.swift in Sources */,
				BF7E3D5C2C4CF31E00409C16 /* AnimationsController.swift in Sources */,
				BF8BC6342C3EFBAE00EC525C /* MainCellTypes.swift in Sources */,
				BF8BC6322C3EFB3F00EC525C /* HapticFeedbackViewController.swift in Sources */,
				BFC94BD32C4196760055CFD4 /* HapticButton.swift in Sources */,
				BFC94BD62C41A1EE0055CFD4 /* UINavigationController+Extension.swift in Sources */,
				BFC94BF22C4273FB0055CFD4 /* BottomTransitionDirection.swift in Sources */,
				BFC94BEF2C4273A80055CFD4 /* CGFloat+Extension.swift in Sources */,
				BFC94BDE2C425BE60055CFD4 /* PresentationController.swift in Sources */,
				BFC94BD12C4194AE0055CFD4 /* HapticButtons.swift in Sources */,
				BFC94BE22C4260150055CFD4 /* DimmPresentationController.swift in Sources */,
				BF07F3652C3EEFE400652CCD /* SceneDelegate.swift in Sources */,
				BFC94BDC2C425BCB0055CFD4 /* BottomPanelTransition.swift in Sources */,
			);
			runOnlyForDeploymentPostprocessing = 0;
		};
/* End PBXSourcesBuildPhase section */

/* Begin PBXVariantGroup section */
		BF07F36D2C3EEFE500652CCD /* LaunchScreen.storyboard */ = {
			isa = PBXVariantGroup;
			children = (
				BF07F36E2C3EEFE500652CCD /* Base */,
			);
			name = LaunchScreen.storyboard;
			sourceTree = "<group>";
		};
/* End PBXVariantGroup section */

/* Begin XCBuildConfiguration section */
		BF07F3712C3EEFE500652CCD /* Debug */ = {
			isa = XCBuildConfiguration;
			buildSettings = {
				ALWAYS_SEARCH_USER_PATHS = NO;
				ASSETCATALOG_COMPILER_GENERATE_SWIFT_ASSET_SYMBOL_EXTENSIONS = YES;
				CLANG_ANALYZER_NONNULL = YES;
				CLANG_ANALYZER_NUMBER_OBJECT_CONVERSION = YES_AGGRESSIVE;
				CLANG_CXX_LANGUAGE_STANDARD = "gnu++20";
				CLANG_ENABLE_MODULES = YES;
				CLANG_ENABLE_OBJC_ARC = YES;
				CLANG_ENABLE_OBJC_WEAK = YES;
				CLANG_WARN_BLOCK_CAPTURE_AUTORELEASING = YES;
				CLANG_WARN_BOOL_CONVERSION = YES;
				CLANG_WARN_COMMA = YES;
				CLANG_WARN_CONSTANT_CONVERSION = YES;
				CLANG_WARN_DEPRECATED_OBJC_IMPLEMENTATIONS = YES;
				CLANG_WARN_DIRECT_OBJC_ISA_USAGE = YES_ERROR;
				CLANG_WARN_DOCUMENTATION_COMMENTS = YES;
				CLANG_WARN_EMPTY_BODY = YES;
				CLANG_WARN_ENUM_CONVERSION = YES;
				CLANG_WARN_INFINITE_RECURSION = YES;
				CLANG_WARN_INT_CONVERSION = YES;
				CLANG_WARN_NON_LITERAL_NULL_CONVERSION = YES;
				CLANG_WARN_OBJC_IMPLICIT_RETAIN_SELF = YES;
				CLANG_WARN_OBJC_LITERAL_CONVERSION = YES;
				CLANG_WARN_OBJC_ROOT_CLASS = YES_ERROR;
				CLANG_WARN_QUOTED_INCLUDE_IN_FRAMEWORK_HEADER = YES;
				CLANG_WARN_RANGE_LOOP_ANALYSIS = YES;
				CLANG_WARN_STRICT_PROTOTYPES = YES;
				CLANG_WARN_SUSPICIOUS_MOVE = YES;
				CLANG_WARN_UNGUARDED_AVAILABILITY = YES_AGGRESSIVE;
				CLANG_WARN_UNREACHABLE_CODE = YES;
				CLANG_WARN__DUPLICATE_METHOD_MATCH = YES;
				COPY_PHASE_STRIP = NO;
				DEBUG_INFORMATION_FORMAT = dwarf;
				ENABLE_STRICT_OBJC_MSGSEND = YES;
				ENABLE_TESTABILITY = YES;
				ENABLE_USER_SCRIPT_SANDBOXING = YES;
				GCC_C_LANGUAGE_STANDARD = gnu17;
				GCC_DYNAMIC_NO_PIC = NO;
				GCC_NO_COMMON_BLOCKS = YES;
				GCC_OPTIMIZATION_LEVEL = 0;
				GCC_PREPROCESSOR_DEFINITIONS = (
					"DEBUG=1",
					"$(inherited)",
				);
				GCC_WARN_64_TO_32_BIT_CONVERSION = YES;
				GCC_WARN_ABOUT_RETURN_TYPE = YES_ERROR;
				GCC_WARN_UNDECLARED_SELECTOR = YES;
				GCC_WARN_UNINITIALIZED_AUTOS = YES_AGGRESSIVE;
				GCC_WARN_UNUSED_FUNCTION = YES;
				GCC_WARN_UNUSED_VARIABLE = YES;
				IPHONEOS_DEPLOYMENT_TARGET = 17.2;
				LOCALIZATION_PREFERS_STRING_CATALOGS = YES;
				MTL_ENABLE_DEBUG_INFO = INCLUDE_SOURCE;
				MTL_FAST_MATH = YES;
				ONLY_ACTIVE_ARCH = YES;
				SDKROOT = iphoneos;
				SWIFT_ACTIVE_COMPILATION_CONDITIONS = "DEBUG $(inherited)";
				SWIFT_OPTIMIZATION_LEVEL = "-Onone";
			};
			name = Debug;
		};
		BF07F3722C3EEFE500652CCD /* Release */ = {
			isa = XCBuildConfiguration;
			buildSettings = {
				ALWAYS_SEARCH_USER_PATHS = NO;
				ASSETCATALOG_COMPILER_GENERATE_SWIFT_ASSET_SYMBOL_EXTENSIONS = YES;
				CLANG_ANALYZER_NONNULL = YES;
				CLANG_ANALYZER_NUMBER_OBJECT_CONVERSION = YES_AGGRESSIVE;
				CLANG_CXX_LANGUAGE_STANDARD = "gnu++20";
				CLANG_ENABLE_MODULES = YES;
				CLANG_ENABLE_OBJC_ARC = YES;
				CLANG_ENABLE_OBJC_WEAK = YES;
				CLANG_WARN_BLOCK_CAPTURE_AUTORELEASING = YES;
				CLANG_WARN_BOOL_CONVERSION = YES;
				CLANG_WARN_COMMA = YES;
				CLANG_WARN_CONSTANT_CONVERSION = YES;
				CLANG_WARN_DEPRECATED_OBJC_IMPLEMENTATIONS = YES;
				CLANG_WARN_DIRECT_OBJC_ISA_USAGE = YES_ERROR;
				CLANG_WARN_DOCUMENTATION_COMMENTS = YES;
				CLANG_WARN_EMPTY_BODY = YES;
				CLANG_WARN_ENUM_CONVERSION = YES;
				CLANG_WARN_INFINITE_RECURSION = YES;
				CLANG_WARN_INT_CONVERSION = YES;
				CLANG_WARN_NON_LITERAL_NULL_CONVERSION = YES;
				CLANG_WARN_OBJC_IMPLICIT_RETAIN_SELF = YES;
				CLANG_WARN_OBJC_LITERAL_CONVERSION = YES;
				CLANG_WARN_OBJC_ROOT_CLASS = YES_ERROR;
				CLANG_WARN_QUOTED_INCLUDE_IN_FRAMEWORK_HEADER = YES;
				CLANG_WARN_RANGE_LOOP_ANALYSIS = YES;
				CLANG_WARN_STRICT_PROTOTYPES = YES;
				CLANG_WARN_SUSPICIOUS_MOVE = YES;
				CLANG_WARN_UNGUARDED_AVAILABILITY = YES_AGGRESSIVE;
				CLANG_WARN_UNREACHABLE_CODE = YES;
				CLANG_WARN__DUPLICATE_METHOD_MATCH = YES;
				COPY_PHASE_STRIP = NO;
				DEBUG_INFORMATION_FORMAT = "dwarf-with-dsym";
				ENABLE_NS_ASSERTIONS = NO;
				ENABLE_STRICT_OBJC_MSGSEND = YES;
				ENABLE_USER_SCRIPT_SANDBOXING = YES;
				GCC_C_LANGUAGE_STANDARD = gnu17;
				GCC_NO_COMMON_BLOCKS = YES;
				GCC_WARN_64_TO_32_BIT_CONVERSION = YES;
				GCC_WARN_ABOUT_RETURN_TYPE = YES_ERROR;
				GCC_WARN_UNDECLARED_SELECTOR = YES;
				GCC_WARN_UNINITIALIZED_AUTOS = YES_AGGRESSIVE;
				GCC_WARN_UNUSED_FUNCTION = YES;
				GCC_WARN_UNUSED_VARIABLE = YES;
				IPHONEOS_DEPLOYMENT_TARGET = 17.2;
				LOCALIZATION_PREFERS_STRING_CATALOGS = YES;
				MTL_ENABLE_DEBUG_INFO = NO;
				MTL_FAST_MATH = YES;
				SDKROOT = iphoneos;
				SWIFT_COMPILATION_MODE = wholemodule;
				VALIDATE_PRODUCT = YES;
			};
			name = Release;
		};
		BF07F3742C3EEFE500652CCD /* Debug */ = {
			isa = XCBuildConfiguration;
			baseConfigurationReference = 8E0EDB8E5156E681CB678BD3 /* Pods-TechnologiesProj.debug.xcconfig */;
			buildSettings = {
				ASSETCATALOG_COMPILER_APPICON_NAME = AppIcon;
				ASSETCATALOG_COMPILER_GLOBAL_ACCENT_COLOR_NAME = AccentColor;
				CODE_SIGN_STYLE = Automatic;
				CURRENT_PROJECT_VERSION = 1;
				DEVELOPMENT_TEAM = 5H3Y5WAVX4;
				ENABLE_USER_SCRIPT_SANDBOXING = NO;
				GENERATE_INFOPLIST_FILE = YES;
				INFOPLIST_FILE = TechnologiesProj/Info.plist;
				INFOPLIST_KEY_UIApplicationSupportsIndirectInputEvents = YES;
				INFOPLIST_KEY_UILaunchStoryboardName = LaunchScreen;
				INFOPLIST_KEY_UISupportedInterfaceOrientations_iPad = "UIInterfaceOrientationPortrait UIInterfaceOrientationPortraitUpsideDown UIInterfaceOrientationLandscapeLeft UIInterfaceOrientationLandscapeRight";
				INFOPLIST_KEY_UISupportedInterfaceOrientations_iPhone = "UIInterfaceOrientationPortrait UIInterfaceOrientationLandscapeLeft UIInterfaceOrientationLandscapeRight";
				LD_RUNPATH_SEARCH_PATHS = (
					"$(inherited)",
					"@executable_path/Frameworks",
				);
				MARKETING_VERSION = 1.0;
				PRODUCT_BUNDLE_IDENTIFIER = com.allanLysiuk.TechnologiesProj;
				PRODUCT_NAME = "$(TARGET_NAME)";
				SWIFT_EMIT_LOC_STRINGS = YES;
				SWIFT_VERSION = 5.0;
				TARGETED_DEVICE_FAMILY = "1,2";
			};
			name = Debug;
		};
		BF07F3752C3EEFE500652CCD /* Release */ = {
			isa = XCBuildConfiguration;
			baseConfigurationReference = D9BDECA1D215045D716B95E5 /* Pods-TechnologiesProj.release.xcconfig */;
			buildSettings = {
				ASSETCATALOG_COMPILER_APPICON_NAME = AppIcon;
				ASSETCATALOG_COMPILER_GLOBAL_ACCENT_COLOR_NAME = AccentColor;
				CODE_SIGN_STYLE = Automatic;
				CURRENT_PROJECT_VERSION = 1;
				DEVELOPMENT_TEAM = 5H3Y5WAVX4;
				ENABLE_USER_SCRIPT_SANDBOXING = NO;
				GENERATE_INFOPLIST_FILE = YES;
				INFOPLIST_FILE = TechnologiesProj/Info.plist;
				INFOPLIST_KEY_UIApplicationSupportsIndirectInputEvents = YES;
				INFOPLIST_KEY_UILaunchStoryboardName = LaunchScreen;
				INFOPLIST_KEY_UISupportedInterfaceOrientations_iPad = "UIInterfaceOrientationPortrait UIInterfaceOrientationPortraitUpsideDown UIInterfaceOrientationLandscapeLeft UIInterfaceOrientationLandscapeRight";
				INFOPLIST_KEY_UISupportedInterfaceOrientations_iPhone = "UIInterfaceOrientationPortrait UIInterfaceOrientationLandscapeLeft UIInterfaceOrientationLandscapeRight";
				LD_RUNPATH_SEARCH_PATHS = (
					"$(inherited)",
					"@executable_path/Frameworks",
				);
				MARKETING_VERSION = 1.0;
				PRODUCT_BUNDLE_IDENTIFIER = com.allanLysiuk.TechnologiesProj;
				PRODUCT_NAME = "$(TARGET_NAME)";
				SWIFT_EMIT_LOC_STRINGS = YES;
				SWIFT_VERSION = 5.0;
				TARGETED_DEVICE_FAMILY = "1,2";
			};
			name = Release;
		};
/* End XCBuildConfiguration section */

/* Begin XCConfigurationList section */
		BF07F35A2C3EEFE400652CCD /* Build configuration list for PBXProject "TechnologiesProj" */ = {
			isa = XCConfigurationList;
			buildConfigurations = (
				BF07F3712C3EEFE500652CCD /* Debug */,
				BF07F3722C3EEFE500652CCD /* Release */,
			);
			defaultConfigurationIsVisible = 0;
			defaultConfigurationName = Release;
		};
		BF07F3732C3EEFE500652CCD /* Build configuration list for PBXNativeTarget "TechnologiesProj" */ = {
			isa = XCConfigurationList;
			buildConfigurations = (
				BF07F3742C3EEFE500652CCD /* Debug */,
				BF07F3752C3EEFE500652CCD /* Release */,
			);
			defaultConfigurationIsVisible = 0;
			defaultConfigurationName = Release;
		};
/* End XCConfigurationList section */
	};
	rootObject = BF07F3572C3EEFE400652CCD /* Project object */;
}
